
Microsoft Visual Studio Solution File, Format Version 12.00
# Visual Studio 14
VisualStudioVersion = 14.0.25420.1
MinimumVisualStudioVersion = 10.0.40219.1
Project("{FAE04EC0-301F-11D3-BF4B-00C04F79EFBC}") = "RESTWebApplication1", "RESTWebApplication1\RESTWebApplication1.csproj", "{4DA957CC-5641-4D2C-9BD7-696405FDC911}"
EndProject
Project("{FAE04EC0-301F-11D3-BF4B-00C04F79EFBC}") = "RESTWebApplication1.Tests", "RESTWebApplication1.Tests\RESTWebApplication1.Tests.csproj", "{2855A6EC-06AB-4343-8B54-8E3AC9159C90}"
EndProject
Global
	GlobalSection(SolutionConfigurationPlatforms) = preSolution
		Debug|Any CPU = Debug|Any CPU
		Release|Any CPU = Release|Any CPU
	EndGlobalSection
	GlobalSection(ProjectConfigurationPlatforms) = postSolution
		{4DA957CC-5641-4D2C-9BD7-696405FDC911}.Debug|Any CPU.ActiveCfg = Debug|Any CPU
		{4DA957CC-5641-4D2C-9BD7-696405FDC911}.Debug|Any CPU.Build.0 = Debug|Any CPU
		{4DA957CC-5641-4D2C-9BD7-696405FDC911}.Release|Any CPU.ActiveCfg = Release|Any CPU
		{4DA957CC-5641-4D2C-9BD7-696405FDC911}.Release|Any CPU.Build.0 = Release|Any CPU
		{2855A6EC-06AB-4343-8B54-8E3AC9159C90}.Debug|Any CPU.ActiveCfg = Debug|Any CPU
		{2855A6EC-06AB-4343-8B54-8E3AC9159C90}.Debug|Any CPU.Build.0 = Debug|Any CPU
		{2855A6EC-06AB-4343-8B54-8E3AC9159C90}.Release|Any CPU.ActiveCfg = Release|Any CPU
		{2855A6EC-06AB-4343-8B54-8E3AC9159C90}.Release|Any CPU.Build.0 = Release|Any CPU
	EndGlobalSection
	GlobalSection(SolutionProperties) = preSolution
		HideSolutionNode = FALSE
	EndGlobalSection
EndGlobal
